// !$*UTF8*$!
{
	archiveVersion = 1;
	classes = {
	};
	objectVersion = 46;
	objects = {

/* Begin PBXBuildFile section */
		645C6D341C74C18900275405 /* AppDelegate.swift in Sources */ = {isa = PBXBuildFile; fileRef = 645C6D331C74C18900275405 /* AppDelegate.swift */; };
		645C6D361C74C18900275405 /* FirstViewController.swift in Sources */ = {isa = PBXBuildFile; fileRef = 645C6D351C74C18900275405 /* FirstViewController.swift */; };
		645C6D381C74C18900275405 /* SecondViewController.swift in Sources */ = {isa = PBXBuildFile; fileRef = 645C6D371C74C18900275405 /* SecondViewController.swift */; };
		645C6D3B1C74C18900275405 /* Main.storyboard in Resources */ = {isa = PBXBuildFile; fileRef = 645C6D391C74C18900275405 /* Main.storyboard */; };
		645C6D3D1C74C18900275405 /* Assets.xcassets in Resources */ = {isa = PBXBuildFile; fileRef = 645C6D3C1C74C18900275405 /* Assets.xcassets */; };
		645C6D401C74C18900275405 /* LaunchScreen.storyboard in Resources */ = {isa = PBXBuildFile; fileRef = 645C6D3E1C74C18900275405 /* LaunchScreen.storyboard */; };
		645C6D4B1C74C18900275405 /* APRIMA_EHR_APPTests.swift in Sources */ = {isa = PBXBuildFile; fileRef = 645C6D4A1C74C18900275405 /* APRIMA_EHR_APPTests.swift */; };
		645C6D561C74C18900275405 /* APRIMA_EHR_APPUITests.swift in Sources */ = {isa = PBXBuildFile; fileRef = 645C6D551C74C18900275405 /* APRIMA_EHR_APPUITests.swift */; };
		64EC0FBB1C74C7BA0075010A /* ThirdViewController.swift in Sources */ = {isa = PBXBuildFile; fileRef = 64EC0FBA1C74C7BA0075010A /* ThirdViewController.swift */; };
		64EC0FBD1C74D0E30075010A /* Third.png in Resources */ = {isa = PBXBuildFile; fileRef = 64EC0FBC1C74D0E30075010A /* Third.png */; };
/* End PBXBuildFile section */

/* Begin PBXContainerItemProxy section */
		645C6D471C74C18900275405 /* PBXContainerItemProxy */ = {
			isa = PBXContainerItemProxy;
			containerPortal = 645C6D281C74C18900275405 /* Project object */;
			proxyType = 1;
			remoteGlobalIDString = 645C6D2F1C74C18900275405;
			remoteInfo = "APRIMA EHR APP";
		};
		645C6D521C74C18900275405 /* PBXContainerItemProxy */ = {
			isa = PBXContainerItemProxy;
			containerPortal = 645C6D281C74C18900275405 /* Project object */;
			proxyType = 1;
			remoteGlobalIDString = 645C6D2F1C74C18900275405;
			remoteInfo = "APRIMA EHR APP";
		};
/* End PBXContainerItemProxy section */

/* Begin PBXFileReference section */
		645C6D301C74C18900275405 /* APRIMA EHR APP.app */ = {isa = PBXFileReference; explicitFileType = wrapper.application; includeInIndex = 0; path = "APRIMA EHR APP.app"; sourceTree = BUILT_PRODUCTS_DIR; };
		645C6D331C74C18900275405 /* AppDelegate.swift */ = {isa = PBXFileReference; lastKnownFileType = sourcecode.swift; path = AppDelegate.swift; sourceTree = "<group>"; };
		645C6D351C74C18900275405 /* FirstViewController.swift */ = {isa = PBXFileReference; lastKnownFileType = sourcecode.swift; path = FirstViewController.swift; sourceTree = "<group>"; };
		645C6D371C74C18900275405 /* SecondViewController.swift */ = {isa = PBXFileReference; lastKnownFileType = sourcecode.swift; path = SecondViewController.swift; sourceTree = "<group>"; };
		645C6D3A1C74C18900275405 /* Base */ = {isa = PBXFileReference; lastKnownFileType = file.storyboard; name = Base; path = Base.lproj/Main.storyboard; sourceTree = "<group>"; };
		645C6D3C1C74C18900275405 /* Assets.xcassets */ = {isa = PBXFileReference; lastKnownFileType = folder.assetcatalog; path = Assets.xcassets; sourceTree = "<group>"; };
		645C6D3F1C74C18900275405 /* Base */ = {isa = PBXFileReference; lastKnownFileType = file.storyboard; name = Base; path = Base.lproj/LaunchScreen.storyboard; sourceTree = "<group>"; };
		645C6D411C74C18900275405 /* Info.plist */ = {isa = PBXFileReference; lastKnownFileType = text.plist.xml; path = Info.plist; sourceTree = "<group>"; };
		645C6D461C74C18900275405 /* APRIMA EHR APPTests.xctest */ = {isa = PBXFileReference; explicitFileType = wrapper.cfbundle; includeInIndex = 0; path = "APRIMA EHR APPTests.xctest"; sourceTree = BUILT_PRODUCTS_DIR; };
		645C6D4A1C74C18900275405 /* APRIMA_EHR_APPTests.swift */ = {isa = PBXFileReference; lastKnownFileType = sourcecode.swift; path = APRIMA_EHR_APPTests.swift; sourceTree = "<group>"; };
		645C6D4C1C74C18900275405 /* Info.plist */ = {isa = PBXFileReference; lastKnownFileType = text.plist.xml; path = Info.plist; sourceTree = "<group>"; };
		645C6D511C74C18900275405 /* APRIMA EHR APPUITests.xctest */ = {isa = PBXFileReference; explicitFileType = wrapper.cfbundle; includeInIndex = 0; path = "APRIMA EHR APPUITests.xctest"; sourceTree = BUILT_PRODUCTS_DIR; };
		645C6D551C74C18900275405 /* APRIMA_EHR_APPUITests.swift */ = {isa = PBXFileReference; lastKnownFileType = sourcecode.swift; path = APRIMA_EHR_APPUITests.swift; sourceTree = "<group>"; };
		645C6D571C74C18900275405 /* Info.plist */ = {isa = PBXFileReference; lastKnownFileType = text.plist.xml; path = Info.plist; sourceTree = "<group>"; };
		64EC0FBA1C74C7BA0075010A /* ThirdViewController.swift */ = {isa = PBXFileReference; fileEncoding = 4; lastKnownFileType = sourcecode.swift; path = ThirdViewController.swift; sourceTree = "<group>"; };
		64EC0FBC1C74D0E30075010A /* Third.png */ = {isa = PBXFileReference; lastKnownFileType = image.png; name = Third.png; path = "APRIMA EHR APP/Assets.xcassets/Third.png"; sourceTree = "<group>"; };
/* End PBXFileReference section */

/* Begin PBXFrameworksBuildPhase section */
		645C6D2D1C74C18900275405 /* Frameworks */ = {
			isa = PBXFrameworksBuildPhase;
			buildActionMask = 2147483647;
			files = (
			);
			runOnlyForDeploymentPostprocessing = 0;
		};
		645C6D431C74C18900275405 /* Frameworks */ = {
			isa = PBXFrameworksBuildPhase;
			buildActionMask = 2147483647;
			files = (
			);
			runOnlyForDeploymentPostprocessing = 0;
		};
		645C6D4E1C74C18900275405 /* Frameworks */ = {
			isa = PBXFrameworksBuildPhase;
			buildActionMask = 2147483647;
			files = (
			);
			runOnlyForDeploymentPostprocessing = 0;
		};
/* End PBXFrameworksBuildPhase section */

/* Begin PBXGroup section */
		645C6D271C74C18900275405 = {
			isa = PBXGroup;
			children = (
				64EC0FBC1C74D0E30075010A /* Third.png */,
				645C6D321C74C18900275405 /* APRIMA EHR APP */,
				645C6D491C74C18900275405 /* APRIMA EHR APPTests */,
				645C6D541C74C18900275405 /* APRIMA EHR APPUITests */,
				645C6D311C74C18900275405 /* Products */,
			);
			sourceTree = "<group>";
		};
		645C6D311C74C18900275405 /* Products */ = {
			isa = PBXGroup;
			children = (
				645C6D301C74C18900275405 /* APRIMA EHR APP.app */,
				645C6D461C74C18900275405 /* APRIMA EHR APPTests.xctest */,
				645C6D511C74C18900275405 /* APRIMA EHR APPUITests.xctest */,
			);
			name = Products;
			sourceTree = "<group>";
		};
		645C6D321C74C18900275405 /* APRIMA EHR APP */ = {
			isa = PBXGroup;
			children = (
				645C6D331C74C18900275405 /* AppDelegate.swift */,
				645C6D351C74C18900275405 /* FirstViewController.swift */,
				645C6D371C74C18900275405 /* SecondViewController.swift */,
				645C6D391C74C18900275405 /* Main.storyboard */,
				645C6D3C1C74C18900275405 /* Assets.xcassets */,
				645C6D3E1C74C18900275405 /* LaunchScreen.storyboard */,
				645C6D411C74C18900275405 /* Info.plist */,
				64EC0FBA1C74C7BA0075010A /* ThirdViewController.swift */,
			);
			path = "APRIMA EHR APP";
			sourceTree = "<group>";
		};
		645C6D491C74C18900275405 /* APRIMA EHR APPTests */ = {
			isa = PBXGroup;
			children = (
				645C6D4A1C74C18900275405 /* APRIMA_EHR_APPTests.swift */,
				645C6D4C1C74C18900275405 /* Info.plist */,
			);
			path = "APRIMA EHR APPTests";
			sourceTree = "<group>";
		};
		645C6D541C74C18900275405 /* APRIMA EHR APPUITests */ = {
			isa = PBXGroup;
			children = (
				645C6D551C74C18900275405 /* APRIMA_EHR_APPUITests.swift */,
				645C6D571C74C18900275405 /* Info.plist */,
			);
			path = "APRIMA EHR APPUITests";
			sourceTree = "<group>";
		};
/* End PBXGroup section */

/* Begin PBXNativeTarget section */
		645C6D2F1C74C18900275405 /* APRIMA EHR APP */ = {
			isa = PBXNativeTarget;
			buildConfigurationList = 645C6D5A1C74C18900275405 /* Build configuration list for PBXNativeTarget "APRIMA EHR APP" */;
			buildPhases = (
				645C6D2C1C74C18900275405 /* Sources */,
				645C6D2D1C74C18900275405 /* Frameworks */,
				645C6D2E1C74C18900275405 /* Resources */,
			);
			buildRules = (
			);
			dependencies = (
			);
			name = "APRIMA EHR APP";
			productName = "APRIMA EHR APP";
			productReference = 645C6D301C74C18900275405 /* APRIMA EHR APP.app */;
			productType = "com.apple.product-type.application";
		};
		645C6D451C74C18900275405 /* APRIMA EHR APPTests */ = {
			isa = PBXNativeTarget;
			buildConfigurationList = 645C6D5D1C74C18900275405 /* Build configuration list for PBXNativeTarget "APRIMA EHR APPTests" */;
			buildPhases = (
				645C6D421C74C18900275405 /* Sources */,
				645C6D431C74C18900275405 /* Frameworks */,
				645C6D441C74C18900275405 /* Resources */,
			);
			buildRules = (
			);
			dependencies = (
				645C6D481C74C18900275405 /* PBXTargetDependency */,
			);
			name = "APRIMA EHR APPTests";
			productName = "APRIMA EHR APPTests";
			productReference = 645C6D461C74C18900275405 /* APRIMA EHR APPTests.xctest */;
			productType = "com.apple.product-type.bundle.unit-test";
		};
		645C6D501C74C18900275405 /* APRIMA EHR APPUITests */ = {
			isa = PBXNativeTarget;
			buildConfigurationList = 645C6D601C74C18900275405 /* Build configuration list for PBXNativeTarget "APRIMA EHR APPUITests" */;
			buildPhases = (
				645C6D4D1C74C18900275405 /* Sources */,
				645C6D4E1C74C18900275405 /* Frameworks */,
				645C6D4F1C74C18900275405 /* Resources */,
			);
			buildRules = (
			);
			dependencies = (
				645C6D531C74C18900275405 /* PBXTargetDependency */,
			);
			name = "APRIMA EHR APPUITests";
			productName = "APRIMA EHR APPUITests";
			productReference = 645C6D511C74C18900275405 /* APRIMA EHR APPUITests.xctest */;
			productType = "com.apple.product-type.bundle.ui-testing";
		};
/* End PBXNativeTarget section */

/* Begin PBXProject section */
		645C6D281C74C18900275405 /* Project object */ = {
			isa = PBXProject;
			attributes = {
				LastSwiftUpdateCheck = 0720;
				LastUpgradeCheck = 0720;
				ORGANIZATIONNAME = "david nguyen";
				TargetAttributes = {
					645C6D2F1C74C18900275405 = {
						CreatedOnToolsVersion = 7.2.1;
						DevelopmentTeam = 9WJ43L7SP4;
					};
					645C6D451C74C18900275405 = {
						CreatedOnToolsVersion = 7.2.1;
						DevelopmentTeam = 9WJ43L7SP4;
						TestTargetID = 645C6D2F1C74C18900275405;
					};
					645C6D501C74C18900275405 = {
						CreatedOnToolsVersion = 7.2.1;
						DevelopmentTeam = 9WJ43L7SP4;
						TestTargetID = 645C6D2F1C74C18900275405;
					};
				};
			};
			buildConfigurationList = 645C6D2B1C74C18900275405 /* Build configuration list for PBXProject "APRIMA EHR APP" */;
			compatibilityVersion = "Xcode 3.2";
			developmentRegion = English;
			hasScannedForEncodings = 0;
			knownRegions = (
				en,
				Base,
			);
			mainGroup = 645C6D271C74C18900275405;
			productRefGroup = 645C6D311C74C18900275405 /* Products */;
			projectDirPath = "";
			projectRoot = "";
			targets = (
				645C6D2F1C74C18900275405 /* APRIMA EHR APP */,
				645C6D451C74C18900275405 /* APRIMA EHR APPTests */,
				645C6D501C74C18900275405 /* APRIMA EHR APPUITests */,
			);
		};
/* End PBXProject section */

/* Begin PBXResourcesBuildPhase section */
		645C6D2E1C74C18900275405 /* Resources */ = {
			isa = PBXResourcesBuildPhase;
			buildActionMask = 2147483647;
			files = (
				645C6D401C74C18900275405 /* LaunchScreen.storyboard in Resources */,
				645C6D3D1C74C18900275405 /* Assets.xcassets in Resources */,
				645C6D3B1C74C18900275405 /* Main.storyboard in Resources */,
				64EC0FBD1C74D0E30075010A /* Third.png in Resources */,
			);
			runOnlyForDeploymentPostprocessing = 0;
		};
		645C6D441C74C18900275405 /* Resources */ = {
			isa = PBXResourcesBuildPhase;
			buildActionMask = 2147483647;
			files = (
			);
			runOnlyForDeploymentPostprocessing = 0;
		};
		645C6D4F1C74C18900275405 /* Resources */ = {
			isa = PBXResourcesBuildPhase;
			buildActionMask = 2147483647;
			files = (
			);
			runOnlyForDeploymentPostprocessing = 0;
		};
/* End PBXResourcesBuildPhase section */

/* Begin PBXSourcesBuildPhase section */
		645C6D2C1C74C18900275405 /* Sources */ = {
			isa = PBXSourcesBuildPhase;
			buildActionMask = 2147483647;
			files = (
				645C6D381C74C18900275405 /* SecondViewController.swift in Sources */,
				645C6D341C74C18900275405 /* AppDelegate.swift in Sources */,
				64EC0FBB1C74C7BA0075010A /* ThirdViewController.swift in Sources */,
				645C6D361C74C18900275405 /* FirstViewController.swift in Sources */,
			);
			runOnlyForDeploymentPostprocessing = 0;
		};
		645C6D421C74C18900275405 /* Sources */ = {
			isa = PBXSourcesBuildPhase;
			buildActionMask = 2147483647;
			files = (
				645C6D4B1C74C18900275405 /* APRIMA_EHR_APPTests.swift in Sources */,
			);
			runOnlyForDeploymentPostprocessing = 0;
		};
		645C6D4D1C74C18900275405 /* Sources */ = {
			isa = PBXSourcesBuildPhase;
			buildActionMask = 2147483647;
			files = (
				645C6D561C74C18900275405 /* APRIMA_EHR_APPUITests.swift in Sources */,
			);
			runOnlyForDeploymentPostprocessing = 0;
		};
/* End PBXSourcesBuildPhase section */

/* Begin PBXTargetDependency section */
		645C6D481C74C18900275405 /* PBXTargetDependency */ = {
			isa = PBXTargetDependency;
			target = 645C6D2F1C74C18900275405 /* APRIMA EHR APP */;
			targetProxy = 645C6D471C74C18900275405 /* PBXContainerItemProxy */;
		};
		645C6D531C74C18900275405 /* PBXTargetDependency */ = {
			isa = PBXTargetDependency;
			target = 645C6D2F1C74C18900275405 /* APRIMA EHR APP */;
			targetProxy = 645C6D521C74C18900275405 /* PBXContainerItemProxy */;
		};
/* End PBXTargetDependency section */

/* Begin PBXVariantGroup section */
		645C6D391C74C18900275405 /* Main.storyboard */ = {
			isa = PBXVariantGroup;
			children = (
				645C6D3A1C74C18900275405 /* Base */,
			);
			name = Main.storyboard;
			sourceTree = "<group>";
		};
		645C6D3E1C74C18900275405 /* LaunchScreen.storyboard */ = {
			isa = PBXVariantGroup;
			children = (
				645C6D3F1C74C18900275405 /* Base */,
			);
			name = LaunchScreen.storyboard;
			sourceTree = "<group>";
		};
/* End PBXVariantGroup section */

/* Begin XCBuildConfiguration section */
		645C6D581C74C18900275405 /* Debug */ = {
			isa = XCBuildConfiguration;
			buildSettings = {
				ALWAYS_SEARCH_USER_PATHS = NO;
				CLANG_CXX_LANGUAGE_STANDARD = "gnu++0x";
				CLANG_CXX_LIBRARY = "libc++";
				CLANG_ENABLE_MODULES = YES;
				CLANG_ENABLE_OBJC_ARC = YES;
				CLANG_WARN_BOOL_CONVERSION = YES;
				CLANG_WARN_CONSTANT_CONVERSION = YES;
				CLANG_WARN_DIRECT_OBJC_ISA_USAGE = YES_ERROR;
				CLANG_WARN_EMPTY_BODY = YES;
				CLANG_WARN_ENUM_CONVERSION = YES;
				CLANG_WARN_INT_CONVERSION = YES;
				CLANG_WARN_OBJC_ROOT_CLASS = YES_ERROR;
				CLANG_WARN_UNREACHABLE_CODE = YES;
				CLANG_WARN__DUPLICATE_METHOD_MATCH = YES;
				"CODE_SIGN_IDENTITY[sdk=iphoneos*]" = "iPhone Developer";
				COPY_PHASE_STRIP = NO;
				DEBUG_INFORMATION_FORMAT = dwarf;
				ENABLE_STRICT_OBJC_MSGSEND = YES;
				ENABLE_TESTABILITY = YES;
				GCC_C_LANGUAGE_STANDARD = gnu99;
				GCC_DYNAMIC_NO_PIC = NO;
				GCC_NO_COMMON_BLOCKS = YES;
				GCC_OPTIMIZATION_LEVEL = 0;
				GCC_PREPROCESSOR_DEFINITIONS = (
					"DEBUG=1",
					"$(inherited)",
				);
				GCC_WARN_64_TO_32_BIT_CONVERSION = YES;
				GCC_WARN_ABOUT_RETURN_TYPE = YES_ERROR;
				GCC_WARN_UNDECLARED_SELECTOR = YES;
				GCC_WARN_UNINITIALIZED_AUTOS = YES_AGGRESSIVE;
				GCC_WARN_UNUSED_FUNCTION = YES;
				GCC_WARN_UNUSED_VARIABLE = YES;
				IPHONEOS_DEPLOYMENT_TARGET = 9.2;
				MTL_ENABLE_DEBUG_INFO = YES;
				ONLY_ACTIVE_ARCH = YES;
				SDKROOT = iphoneos;
				SWIFT_OPTIMIZATION_LEVEL = "-Onone";
				TARGETED_DEVICE_FAMILY = "1,2";
			};
			name = Debug;
		};
		645C6D591C74C18900275405 /* Release */ = {
			isa = XCBuildConfiguration;
			buildSettings = {
				ALWAYS_SEARCH_USER_PATHS = NO;
				CLANG_CXX_LANGUAGE_STANDARD = "gnu++0x";
				CLANG_CXX_LIBRARY = "libc++";
				CLANG_ENABLE_MODULES = YES;
				CLANG_ENABLE_OBJC_ARC = YES;
				CLANG_WARN_BOOL_CONVERSION = YES;
				CLANG_WARN_CONSTANT_CONVERSION = YES;
				CLANG_WARN_DIRECT_OBJC_ISA_USAGE = YES_ERROR;
				CLANG_WARN_EMPTY_BODY = YES;
				CLANG_WARN_ENUM_CONVERSION = YES;
				CLANG_WARN_INT_CONVERSION = YES;
				CLANG_WARN_OBJC_ROOT_CLASS = YES_ERROR;
				CLANG_WARN_UNREACHABLE_CODE = YES;
				CLANG_WARN__DUPLICATE_METHOD_MATCH = YES;
				"CODE_SIGN_IDENTITY[sdk=iphoneos*]" = "iPhone Developer";
				COPY_PHASE_STRIP = NO;
				DEBUG_INFORMATION_FORMAT = "dwarf-with-dsym";
				ENABLE_NS_ASSERTIONS = NO;
				ENABLE_STRICT_OBJC_MSGSEND = YES;
				GCC_C_LANGUAGE_STANDARD = gnu99;
				GCC_NO_COMMON_BLOCKS = YES;
				GCC_WARN_64_TO_32_BIT_CONVERSION = YES;
				GCC_WARN_ABOUT_RETURN_TYPE = YES_ERROR;
				GCC_WARN_UNDECLARED_SELECTOR = YES;
				GCC_WARN_UNINITIALIZED_AUTOS = YES_AGGRESSIVE;
				GCC_WARN_UNUSED_FUNCTION = YES;
				GCC_WARN_UNUSED_VARIABLE = YES;
				IPHONEOS_DEPLOYMENT_TARGET = 9.2;
				MTL_ENABLE_DEBUG_INFO = NO;
				SDKROOT = iphoneos;
				TARGETED_DEVICE_FAMILY = "1,2";
				VALIDATE_PRODUCT = YES;
			};
			name = Release;
		};
		645C6D5B1C74C18900275405 /* Debug */ = {
			isa = XCBuildConfiguration;
			buildSettings = {
				ASSETCATALOG_COMPILER_APPICON_NAME = AppIcon;
				INFOPLIST_FILE = "APRIMA EHR APP/Info.plist";
				LD_RUNPATH_SEARCH_PATHS = "$(inherited) @executable_path/Frameworks";
				PRODUCT_BUNDLE_IDENTIFIER = "com.aprima.APRIMA-EHR-APP";
				PRODUCT_NAME = "$(TARGET_NAME)";
			};
			name = Debug;
		};
		645C6D5C1C74C18900275405 /* Release */ = {
			isa = XCBuildConfiguration;
			buildSettings = {
				ASSETCATALOG_COMPILER_APPICON_NAME = AppIcon;
				INFOPLIST_FILE = "APRIMA EHR APP/Info.plist";
				LD_RUNPATH_SEARCH_PATHS = "$(inherited) @executable_path/Frameworks";
				PRODUCT_BUNDLE_IDENTIFIER = "com.aprima.APRIMA-EHR-APP";
				PRODUCT_NAME = "$(TARGET_NAME)";
			};
			name = Release;
		};
		645C6D5E1C74C18900275405 /* Debug */ = {
			isa = XCBuildConfiguration;
			buildSettings = {
				BUNDLE_LOADER = "$(TEST_HOST)";
				INFOPLIST_FILE = "APRIMA EHR APPTests/Info.plist";
				LD_RUNPATH_SEARCH_PATHS = "$(inherited) @executable_path/Frameworks @loader_path/Frameworks";
				PRODUCT_BUNDLE_IDENTIFIER = "com.aprima.APRIMA-EHR-APPTests";
				PRODUCT_NAME = "$(TARGET_NAME)";
				TEST_HOST = "$(BUILT_PRODUCTS_DIR)/APRIMA EHR APP.app/APRIMA EHR APP";
			};
			name = Debug;
		};
		645C6D5F1C74C18900275405 /* Release */ = {
			isa = XCBuildConfiguration;
			buildSettings = {
				BUNDLE_LOADER = "$(TEST_HOST)";
				INFOPLIST_FILE = "APRIMA EHR APPTests/Info.plist";
				LD_RUNPATH_SEARCH_PATHS = "$(inherited) @executable_path/Frameworks @loader_path/Frameworks";
				PRODUCT_BUNDLE_IDENTIFIER = "com.aprima.APRIMA-EHR-APPTests";
				PRODUCT_NAME = "$(TARGET_NAME)";
				TEST_HOST = "$(BUILT_PRODUCTS_DIR)/APRIMA EHR APP.app/APRIMA EHR APP";
			};
			name = Release;
		};
		645C6D611C74C18900275405 /* Debug */ = {
			isa = XCBuildConfiguration;
			buildSettings = {
				INFOPLIST_FILE = "APRIMA EHR APPUITests/Info.plist";
				LD_RUNPATH_SEARCH_PATHS = "$(inherited) @executable_path/Frameworks @loader_path/Frameworks";
				PRODUCT_BUNDLE_IDENTIFIER = "com.aprima.APRIMA-EHR-APPUITests";
				PRODUCT_NAME = "$(TARGET_NAME)";
				TEST_TARGET_NAME = "APRIMA EHR APP";
				USES_XCTRUNNER = YES;
			};
			name = Debug;
		};
		645C6D621C74C18900275405 /* Release */ = {
			isa = XCBuildConfiguration;
			buildSettings = {
				INFOPLIST_FILE = "APRIMA EHR APPUITests/Info.plist";
				LD_RUNPATH_SEARCH_PATHS = "$(inherited) @executable_path/Frameworks @loader_path/Frameworks";
				PRODUCT_BUNDLE_IDENTIFIER = "com.aprima.APRIMA-EHR-APPUITests";
				PRODUCT_NAME = "$(TARGET_NAME)";
				TEST_TARGET_NAME = "APRIMA EHR APP";
				USES_XCTRUNNER = YES;
			};
			name = Release;
		};
/* End XCBuildConfiguration section */

/* Begin XCConfigurationList section */
		645C6D2B1C74C18900275405 /* Build configuration list for PBXProject "APRIMA EHR APP" */ = {
			isa = XCConfigurationList;
			buildConfigurations = (
				645C6D581C74C18900275405 /* Debug */,
				645C6D591C74C18900275405 /* Release */,
			);
			defaultConfigurationIsVisible = 0;
			defaultConfigurationName = Release;
		};
		645C6D5A1C74C18900275405 /* Build configuration list for PBXNativeTarget "APRIMA EHR APP" */ = {
			isa = XCConfigurationList;
			buildConfigurations = (
				645C6D5B1C74C18900275405 /* Debug */,
				645C6D5C1C74C18900275405 /* Release */,
			);
			defaultConfigurationIsVisible = 0;
			defaultConfigurationName = Release;
		};
		645C6D5D1C74C18900275405 /* Build configuration list for PBXNativeTarget "APRIMA EHR APPTests" */ = {
			isa = XCConfigurationList;
			buildConfigurations = (
				645C6D5E1C74C18900275405 /* Debug */,
				645C6D5F1C74C18900275405 /* Release */,
			);
			defaultConfigurationIsVisible = 0;
			defaultConfigurationName = Release;
		};
		645C6D601C74C18900275405 /* Build configuration list for PBXNativeTarget "APRIMA EHR APPUITests" */ = {
			isa = XCConfigurationList;
			buildConfigurations = (
				645C6D611C74C18900275405 /* Debug */,
				645C6D621C74C18900275405 /* Release */,
			);
			defaultConfigurationIsVisible = 0;
			defaultConfigurationName = Release;
		};
/* End XCConfigurationList section */
	};
	rootObject = 645C6D281C74C18900275405 /* Project object */;
}
