// !$*UTF8*$!
{
	archiveVersion = 1;
	classes = {
	};
	objectVersion = 46;
	objects = {

/* Begin PBXBuildFile section */
		644183A71C5D519F00EF524E /* AppDelegate.swift in Sources */ = {isa = PBXBuildFile; fileRef = 644183A61C5D519F00EF524E /* AppDelegate.swift */; };
		644183A91C5D519F00EF524E /* ViewController.swift in Sources */ = {isa = PBXBuildFile; fileRef = 644183A81C5D519F00EF524E /* ViewController.swift */; };
		644183AC1C5D519F00EF524E /* Main.storyboard in Resources */ = {isa = PBXBuildFile; fileRef = 644183AA1C5D519F00EF524E /* Main.storyboard */; };
		644183AE1C5D519F00EF524E /* Assets.xcassets in Resources */ = {isa = PBXBuildFile; fileRef = 644183AD1C5D519F00EF524E /* Assets.xcassets */; };
		644183B11C5D519F00EF524E /* LaunchScreen.storyboard in Resources */ = {isa = PBXBuildFile; fileRef = 644183AF1C5D519F00EF524E /* LaunchScreen.storyboard */; };
		644183BC1C5D519F00EF524E /* HelloWorldAppTests.swift in Sources */ = {isa = PBXBuildFile; fileRef = 644183BB1C5D519F00EF524E /* HelloWorldAppTests.swift */; };
		644183C71C5D51A000EF524E /* HelloWorldAppUITests.swift in Sources */ = {isa = PBXBuildFile; fileRef = 644183C61C5D51A000EF524E /* HelloWorldAppUITests.swift */; };
/* End PBXBuildFile section */

/* Begin PBXContainerItemProxy section */
		644183B81C5D519F00EF524E /* PBXContainerItemProxy */ = {
			isa = PBXContainerItemProxy;
			containerPortal = 6441839B1C5D519F00EF524E /* Project object */;
			proxyType = 1;
			remoteGlobalIDString = 644183A21C5D519F00EF524E;
			remoteInfo = HelloWorldApp;
		};
		644183C31C5D51A000EF524E /* PBXContainerItemProxy */ = {
			isa = PBXContainerItemProxy;
			containerPortal = 6441839B1C5D519F00EF524E /* Project object */;
			proxyType = 1;
			remoteGlobalIDString = 644183A21C5D519F00EF524E;
			remoteInfo = HelloWorldApp;
		};
/* End PBXContainerItemProxy section */

/* Begin PBXFileReference section */
		644183A31C5D519F00EF524E /* HelloWorldApp.app */ = {isa = PBXFileReference; explicitFileType = wrapper.application; includeInIndex = 0; path = HelloWorldApp.app; sourceTree = BUILT_PRODUCTS_DIR; };
		644183A61C5D519F00EF524E /* AppDelegate.swift */ = {isa = PBXFileReference; lastKnownFileType = sourcecode.swift; path = AppDelegate.swift; sourceTree = "<group>"; };
		644183A81C5D519F00EF524E /* ViewController.swift */ = {isa = PBXFileReference; lastKnownFileType = sourcecode.swift; path = ViewController.swift; sourceTree = "<group>"; };
		644183AB1C5D519F00EF524E /* Base */ = {isa = PBXFileReference; lastKnownFileType = file.storyboard; name = Base; path = Base.lproj/Main.storyboard; sourceTree = "<group>"; };
		644183AD1C5D519F00EF524E /* Assets.xcassets */ = {isa = PBXFileReference; lastKnownFileType = folder.assetcatalog; path = Assets.xcassets; sourceTree = "<group>"; };
		644183B01C5D519F00EF524E /* Base */ = {isa = PBXFileReference; lastKnownFileType = file.storyboard; name = Base; path = Base.lproj/LaunchScreen.storyboard; sourceTree = "<group>"; };
		644183B21C5D519F00EF524E /* Info.plist */ = {isa = PBXFileReference; lastKnownFileType = text.plist.xml; path = Info.plist; sourceTree = "<group>"; };
		644183B71C5D519F00EF524E /* HelloWorldAppTests.xctest */ = {isa = PBXFileReference; explicitFileType = wrapper.cfbundle; includeInIndex = 0; path = HelloWorldAppTests.xctest; sourceTree = BUILT_PRODUCTS_DIR; };
		644183BB1C5D519F00EF524E /* HelloWorldAppTests.swift */ = {isa = PBXFileReference; lastKnownFileType = sourcecode.swift; path = HelloWorldAppTests.swift; sourceTree = "<group>"; };
		644183BD1C5D519F00EF524E /* Info.plist */ = {isa = PBXFileReference; lastKnownFileType = text.plist.xml; path = Info.plist; sourceTree = "<group>"; };
		644183C21C5D51A000EF524E /* HelloWorldAppUITests.xctest */ = {isa = PBXFileReference; explicitFileType = wrapper.cfbundle; includeInIndex = 0; path = HelloWorldAppUITests.xctest; sourceTree = BUILT_PRODUCTS_DIR; };
		644183C61C5D51A000EF524E /* HelloWorldAppUITests.swift */ = {isa = PBXFileReference; lastKnownFileType = sourcecode.swift; path = HelloWorldAppUITests.swift; sourceTree = "<group>"; };
		644183C81C5D51A000EF524E /* Info.plist */ = {isa = PBXFileReference; lastKnownFileType = text.plist.xml; path = Info.plist; sourceTree = "<group>"; };
/* End PBXFileReference section */

/* Begin PBXFrameworksBuildPhase section */
		644183A01C5D519F00EF524E /* Frameworks */ = {
			isa = PBXFrameworksBuildPhase;
			buildActionMask = 2147483647;
			files = (
			);
			runOnlyForDeploymentPostprocessing = 0;
		};
		644183B41C5D519F00EF524E /* Frameworks */ = {
			isa = PBXFrameworksBuildPhase;
			buildActionMask = 2147483647;
			files = (
			);
			runOnlyForDeploymentPostprocessing = 0;
		};
		644183BF1C5D51A000EF524E /* Frameworks */ = {
			isa = PBXFrameworksBuildPhase;
			buildActionMask = 2147483647;
			files = (
			);
			runOnlyForDeploymentPostprocessing = 0;
		};
/* End PBXFrameworksBuildPhase section */

/* Begin PBXGroup section */
		6441839A1C5D519F00EF524E = {
			isa = PBXGroup;
			children = (
				644183A51C5D519F00EF524E /* HelloWorldApp */,
				644183BA1C5D519F00EF524E /* HelloWorldAppTests */,
				644183C51C5D51A000EF524E /* HelloWorldAppUITests */,
				644183A41C5D519F00EF524E /* Products */,
			);
			sourceTree = "<group>";
		};
		644183A41C5D519F00EF524E /* Products */ = {
			isa = PBXGroup;
			children = (
				644183A31C5D519F00EF524E /* HelloWorldApp.app */,
				644183B71C5D519F00EF524E /* HelloWorldAppTests.xctest */,
				644183C21C5D51A000EF524E /* HelloWorldAppUITests.xctest */,
			);
			name = Products;
			sourceTree = "<group>";
		};
		644183A51C5D519F00EF524E /* HelloWorldApp */ = {
			isa = PBXGroup;
			children = (
				644183A61C5D519F00EF524E /* AppDelegate.swift */,
				644183A81C5D519F00EF524E /* ViewController.swift */,
				644183AA1C5D519F00EF524E /* Main.storyboard */,
				644183AD1C5D519F00EF524E /* Assets.xcassets */,
				644183AF1C5D519F00EF524E /* LaunchScreen.storyboard */,
				644183B21C5D519F00EF524E /* Info.plist */,
			);
			path = HelloWorldApp;
			sourceTree = "<group>";
		};
		644183BA1C5D519F00EF524E /* HelloWorldAppTests */ = {
			isa = PBXGroup;
			children = (
				644183BB1C5D519F00EF524E /* HelloWorldAppTests.swift */,
				644183BD1C5D519F00EF524E /* Info.plist */,
			);
			path = HelloWorldAppTests;
			sourceTree = "<group>";
		};
		644183C51C5D51A000EF524E /* HelloWorldAppUITests */ = {
			isa = PBXGroup;
			children = (
				644183C61C5D51A000EF524E /* HelloWorldAppUITests.swift */,
				644183C81C5D51A000EF524E /* Info.plist */,
			);
			path = HelloWorldAppUITests;
			sourceTree = "<group>";
		};
/* End PBXGroup section */

/* Begin PBXNativeTarget section */
		644183A21C5D519F00EF524E /* HelloWorldApp */ = {
			isa = PBXNativeTarget;
			buildConfigurationList = 644183CB1C5D51A000EF524E /* Build configuration list for PBXNativeTarget "HelloWorldApp" */;
			buildPhases = (
				6441839F1C5D519F00EF524E /* Sources */,
				644183A01C5D519F00EF524E /* Frameworks */,
				644183A11C5D519F00EF524E /* Resources */,
			);
			buildRules = (
			);
			dependencies = (
			);
			name = HelloWorldApp;
			productName = HelloWorldApp;
			productReference = 644183A31C5D519F00EF524E /* HelloWorldApp.app */;
			productType = "com.apple.product-type.application";
		};
		644183B61C5D519F00EF524E /* HelloWorldAppTests */ = {
			isa = PBXNativeTarget;
			buildConfigurationList = 644183CE1C5D51A000EF524E /* Build configuration list for PBXNativeTarget "HelloWorldAppTests" */;
			buildPhases = (
				644183B31C5D519F00EF524E /* Sources */,
				644183B41C5D519F00EF524E /* Frameworks */,
				644183B51C5D519F00EF524E /* Resources */,
			);
			buildRules = (
			);
			dependencies = (
				644183B91C5D519F00EF524E /* PBXTargetDependency */,
			);
			name = HelloWorldAppTests;
			productName = HelloWorldAppTests;
			productReference = 644183B71C5D519F00EF524E /* HelloWorldAppTests.xctest */;
			productType = "com.apple.product-type.bundle.unit-test";
		};
		644183C11C5D51A000EF524E /* HelloWorldAppUITests */ = {
			isa = PBXNativeTarget;
			buildConfigurationList = 644183D11C5D51A000EF524E /* Build configuration list for PBXNativeTarget "HelloWorldAppUITests" */;
			buildPhases = (
				644183BE1C5D51A000EF524E /* Sources */,
				644183BF1C5D51A000EF524E /* Frameworks */,
				644183C01C5D51A000EF524E /* Resources */,
			);
			buildRules = (
			);
			dependencies = (
				644183C41C5D51A000EF524E /* PBXTargetDependency */,
			);
			name = HelloWorldAppUITests;
			productName = HelloWorldAppUITests;
			productReference = 644183C21C5D51A000EF524E /* HelloWorldAppUITests.xctest */;
			productType = "com.apple.product-type.bundle.ui-testing";
		};
/* End PBXNativeTarget section */

/* Begin PBXProject section */
		6441839B1C5D519F00EF524E /* Project object */ = {
			isa = PBXProject;
			attributes = {
				LastSwiftUpdateCheck = 0720;
				LastUpgradeCheck = 0720;
				ORGANIZATIONNAME = "david nguyen";
				TargetAttributes = {
					644183A21C5D519F00EF524E = {
						CreatedOnToolsVersion = 7.2;
					};
					644183B61C5D519F00EF524E = {
						CreatedOnToolsVersion = 7.2;
						TestTargetID = 644183A21C5D519F00EF524E;
					};
					644183C11C5D51A000EF524E = {
						CreatedOnToolsVersion = 7.2;
						TestTargetID = 644183A21C5D519F00EF524E;
					};
				};
			};
			buildConfigurationList = 6441839E1C5D519F00EF524E /* Build configuration list for PBXProject "HelloWorldApp" */;
			compatibilityVersion = "Xcode 3.2";
			developmentRegion = English;
			hasScannedForEncodings = 0;
			knownRegions = (
				en,
				Base,
			);
			mainGroup = 6441839A1C5D519F00EF524E;
			productRefGroup = 644183A41C5D519F00EF524E /* Products */;
			projectDirPath = "";
			projectRoot = "";
			targets = (
				644183A21C5D519F00EF524E /* HelloWorldApp */,
				644183B61C5D519F00EF524E /* HelloWorldAppTests */,
				644183C11C5D51A000EF524E /* HelloWorldAppUITests */,
			);
		};
/* End PBXProject section */

/* Begin PBXResourcesBuildPhase section */
		644183A11C5D519F00EF524E /* Resources */ = {
			isa = PBXResourcesBuildPhase;
			buildActionMask = 2147483647;
			files = (
				644183B11C5D519F00EF524E /* LaunchScreen.storyboard in Resources */,
				644183AE1C5D519F00EF524E /* Assets.xcassets in Resources */,
				644183AC1C5D519F00EF524E /* Main.storyboard in Resources */,
			);
			runOnlyForDeploymentPostprocessing = 0;
		};
		644183B51C5D519F00EF524E /* Resources */ = {
			isa = PBXResourcesBuildPhase;
			buildActionMask = 2147483647;
			files = (
			);
			runOnlyForDeploymentPostprocessing = 0;
		};
		644183C01C5D51A000EF524E /* Resources */ = {
			isa = PBXResourcesBuildPhase;
			buildActionMask = 2147483647;
			files = (
			);
			runOnlyForDeploymentPostprocessing = 0;
		};
/* End PBXResourcesBuildPhase section */

/* Begin PBXSourcesBuildPhase section */
		6441839F1C5D519F00EF524E /* Sources */ = {
			isa = PBXSourcesBuildPhase;
			buildActionMask = 2147483647;
			files = (
				644183A91C5D519F00EF524E /* ViewController.swift in Sources */,
				644183A71C5D519F00EF524E /* AppDelegate.swift in Sources */,
			);
			runOnlyForDeploymentPostprocessing = 0;
		};
		644183B31C5D519F00EF524E /* Sources */ = {
			isa = PBXSourcesBuildPhase;
			buildActionMask = 2147483647;
			files = (
				644183BC1C5D519F00EF524E /* HelloWorldAppTests.swift in Sources */,
			);
			runOnlyForDeploymentPostprocessing = 0;
		};
		644183BE1C5D51A000EF524E /* Sources */ = {
			isa = PBXSourcesBuildPhase;
			buildActionMask = 2147483647;
			files = (
				644183C71C5D51A000EF524E /* HelloWorldAppUITests.swift in Sources */,
			);
			runOnlyForDeploymentPostprocessing = 0;
		};
/* End PBXSourcesBuildPhase section */

/* Begin PBXTargetDependency section */
		644183B91C5D519F00EF524E /* PBXTargetDependency */ = {
			isa = PBXTargetDependency;
			target = 644183A21C5D519F00EF524E /* HelloWorldApp */;
			targetProxy = 644183B81C5D519F00EF524E /* PBXContainerItemProxy */;
		};
		644183C41C5D51A000EF524E /* PBXTargetDependency */ = {
			isa = PBXTargetDependency;
			target = 644183A21C5D519F00EF524E /* HelloWorldApp */;
			targetProxy = 644183C31C5D51A000EF524E /* PBXContainerItemProxy */;
		};
/* End PBXTargetDependency section */

/* Begin PBXVariantGroup section */
		644183AA1C5D519F00EF524E /* Main.storyboard */ = {
			isa = PBXVariantGroup;
			children = (
				644183AB1C5D519F00EF524E /* Base */,
			);
			name = Main.storyboard;
			sourceTree = "<group>";
		};
		644183AF1C5D519F00EF524E /* LaunchScreen.storyboard */ = {
			isa = PBXVariantGroup;
			children = (
				644183B01C5D519F00EF524E /* Base */,
			);
			name = LaunchScreen.storyboard;
			sourceTree = "<group>";
		};
/* End PBXVariantGroup section */

/* Begin XCBuildConfiguration section */
		644183C91C5D51A000EF524E /* Debug */ = {
			isa = XCBuildConfiguration;
			buildSettings = {
				ALWAYS_SEARCH_USER_PATHS = NO;
				CLANG_CXX_LANGUAGE_STANDARD = "gnu++0x";
				CLANG_CXX_LIBRARY = "libc++";
				CLANG_ENABLE_MODULES = YES;
				CLANG_ENABLE_OBJC_ARC = YES;
				CLANG_WARN_BOOL_CONVERSION = YES;
				CLANG_WARN_CONSTANT_CONVERSION = YES;
				CLANG_WARN_DIRECT_OBJC_ISA_USAGE = YES_ERROR;
				CLANG_WARN_EMPTY_BODY = YES;
				CLANG_WARN_ENUM_CONVERSION = YES;
				CLANG_WARN_INT_CONVERSION = YES;
				CLANG_WARN_OBJC_ROOT_CLASS = YES_ERROR;
				CLANG_WARN_UNREACHABLE_CODE = YES;
				CLANG_WARN__DUPLICATE_METHOD_MATCH = YES;
				"CODE_SIGN_IDENTITY[sdk=iphoneos*]" = "iPhone Developer";
				COPY_PHASE_STRIP = NO;
				DEBUG_INFORMATION_FORMAT = dwarf;
				ENABLE_STRICT_OBJC_MSGSEND = YES;
				ENABLE_TESTABILITY = YES;
				GCC_C_LANGUAGE_STANDARD = gnu99;
				GCC_DYNAMIC_NO_PIC = NO;
				GCC_NO_COMMON_BLOCKS = YES;
				GCC_OPTIMIZATION_LEVEL = 0;
				GCC_PREPROCESSOR_DEFINITIONS = (
					"DEBUG=1",
					"$(inherited)",
				);
				GCC_WARN_64_TO_32_BIT_CONVERSION = YES;
				GCC_WARN_ABOUT_RETURN_TYPE = YES_ERROR;
				GCC_WARN_UNDECLARED_SELECTOR = YES;
				GCC_WARN_UNINITIALIZED_AUTOS = YES_AGGRESSIVE;
				GCC_WARN_UNUSED_FUNCTION = YES;
				GCC_WARN_UNUSED_VARIABLE = YES;
				IPHONEOS_DEPLOYMENT_TARGET = 9.2;
				MTL_ENABLE_DEBUG_INFO = YES;
				ONLY_ACTIVE_ARCH = YES;
				SDKROOT = iphoneos;
				SWIFT_OPTIMIZATION_LEVEL = "-Onone";
				TARGETED_DEVICE_FAMILY = "1,2";
			};
			name = Debug;
		};
		644183CA1C5D51A000EF524E /* Release */ = {
			isa = XCBuildConfiguration;
			buildSettings = {
				ALWAYS_SEARCH_USER_PATHS = NO;
				CLANG_CXX_LANGUAGE_STANDARD = "gnu++0x";
				CLANG_CXX_LIBRARY = "libc++";
				CLANG_ENABLE_MODULES = YES;
				CLANG_ENABLE_OBJC_ARC = YES;
				CLANG_WARN_BOOL_CONVERSION = YES;
				CLANG_WARN_CONSTANT_CONVERSION = YES;
				CLANG_WARN_DIRECT_OBJC_ISA_USAGE = YES_ERROR;
				CLANG_WARN_EMPTY_BODY = YES;
				CLANG_WARN_ENUM_CONVERSION = YES;
				CLANG_WARN_INT_CONVERSION = YES;
				CLANG_WARN_OBJC_ROOT_CLASS = YES_ERROR;
				CLANG_WARN_UNREACHABLE_CODE = YES;
				CLANG_WARN__DUPLICATE_METHOD_MATCH = YES;
				"CODE_SIGN_IDENTITY[sdk=iphoneos*]" = "iPhone Developer";
				COPY_PHASE_STRIP = NO;
				DEBUG_INFORMATION_FORMAT = "dwarf-with-dsym";
				ENABLE_NS_ASSERTIONS = NO;
				ENABLE_STRICT_OBJC_MSGSEND = YES;
				GCC_C_LANGUAGE_STANDARD = gnu99;
				GCC_NO_COMMON_BLOCKS = YES;
				GCC_WARN_64_TO_32_BIT_CONVERSION = YES;
				GCC_WARN_ABOUT_RETURN_TYPE = YES_ERROR;
				GCC_WARN_UNDECLARED_SELECTOR = YES;
				GCC_WARN_UNINITIALIZED_AUTOS = YES_AGGRESSIVE;
				GCC_WARN_UNUSED_FUNCTION = YES;
				GCC_WARN_UNUSED_VARIABLE = YES;
				IPHONEOS_DEPLOYMENT_TARGET = 9.2;
				MTL_ENABLE_DEBUG_INFO = NO;
				SDKROOT = iphoneos;
				TARGETED_DEVICE_FAMILY = "1,2";
				VALIDATE_PRODUCT = YES;
			};
			name = Release;
		};
		644183CC1C5D51A000EF524E /* Debug */ = {
			isa = XCBuildConfiguration;
			buildSettings = {
				ASSETCATALOG_COMPILER_APPICON_NAME = AppIcon;
				INFOPLIST_FILE = HelloWorldApp/Info.plist;
				LD_RUNPATH_SEARCH_PATHS = "$(inherited) @executable_path/Frameworks";
				PRODUCT_BUNDLE_IDENTIFIER = com.aprima.HelloWorldApp;
				PRODUCT_NAME = "$(TARGET_NAME)";
			};
			name = Debug;
		};
		644183CD1C5D51A000EF524E /* Release */ = {
			isa = XCBuildConfiguration;
			buildSettings = {
				ASSETCATALOG_COMPILER_APPICON_NAME = AppIcon;
				INFOPLIST_FILE = HelloWorldApp/Info.plist;
				LD_RUNPATH_SEARCH_PATHS = "$(inherited) @executable_path/Frameworks";
				PRODUCT_BUNDLE_IDENTIFIER = com.aprima.HelloWorldApp;
				PRODUCT_NAME = "$(TARGET_NAME)";
			};
			name = Release;
		};
		644183CF1C5D51A000EF524E /* Debug */ = {
			isa = XCBuildConfiguration;
			buildSettings = {
				BUNDLE_LOADER = "$(TEST_HOST)";
				INFOPLIST_FILE = HelloWorldAppTests/Info.plist;
				LD_RUNPATH_SEARCH_PATHS = "$(inherited) @executable_path/Frameworks @loader_path/Frameworks";
				PRODUCT_BUNDLE_IDENTIFIER = com.aprima.HelloWorldAppTests;
				PRODUCT_NAME = "$(TARGET_NAME)";
				TEST_HOST = "$(BUILT_PRODUCTS_DIR)/HelloWorldApp.app/HelloWorldApp";
			};
			name = Debug;
		};
		644183D01C5D51A000EF524E /* Release */ = {
			isa = XCBuildConfiguration;
			buildSettings = {
				BUNDLE_LOADER = "$(TEST_HOST)";
				INFOPLIST_FILE = HelloWorldAppTests/Info.plist;
				LD_RUNPATH_SEARCH_PATHS = "$(inherited) @executable_path/Frameworks @loader_path/Frameworks";
				PRODUCT_BUNDLE_IDENTIFIER = com.aprima.HelloWorldAppTests;
				PRODUCT_NAME = "$(TARGET_NAME)";
				TEST_HOST = "$(BUILT_PRODUCTS_DIR)/HelloWorldApp.app/HelloWorldApp";
			};
			name = Release;
		};
		644183D21C5D51A000EF524E /* Debug */ = {
			isa = XCBuildConfiguration;
			buildSettings = {
				INFOPLIST_FILE = HelloWorldAppUITests/Info.plist;
				LD_RUNPATH_SEARCH_PATHS = "$(inherited) @executable_path/Frameworks @loader_path/Frameworks";
				PRODUCT_BUNDLE_IDENTIFIER = com.aprima.HelloWorldAppUITests;
				PRODUCT_NAME = "$(TARGET_NAME)";
				TEST_TARGET_NAME = HelloWorldApp;
				USES_XCTRUNNER = YES;
			};
			name = Debug;
		};
		644183D31C5D51A000EF524E /* Release */ = {
			isa = XCBuildConfiguration;
			buildSettings = {
				INFOPLIST_FILE = HelloWorldAppUITests/Info.plist;
				LD_RUNPATH_SEARCH_PATHS = "$(inherited) @executable_path/Frameworks @loader_path/Frameworks";
				PRODUCT_BUNDLE_IDENTIFIER = com.aprima.HelloWorldAppUITests;
				PRODUCT_NAME = "$(TARGET_NAME)";
				TEST_TARGET_NAME = HelloWorldApp;
				USES_XCTRUNNER = YES;
			};
			name = Release;
		};
/* End XCBuildConfiguration section */

/* Begin XCConfigurationList section */
		6441839E1C5D519F00EF524E /* Build configuration list for PBXProject "HelloWorldApp" */ = {
			isa = XCConfigurationList;
			buildConfigurations = (
				644183C91C5D51A000EF524E /* Debug */,
				644183CA1C5D51A000EF524E /* Release */,
			);
			defaultConfigurationIsVisible = 0;
			defaultConfigurationName = Release;
		};
		644183CB1C5D51A000EF524E /* Build configuration list for PBXNativeTarget "HelloWorldApp" */ = {
			isa = XCConfigurationList;
			buildConfigurations = (
				644183CC1C5D51A000EF524E /* Debug */,
				644183CD1C5D51A000EF524E /* Release */,
			);
			defaultConfigurationIsVisible = 0;
		};
		644183CE1C5D51A000EF524E /* Build configuration list for PBXNativeTarget "HelloWorldAppTests" */ = {
			isa = XCConfigurationList;
			buildConfigurations = (
				644183CF1C5D51A000EF524E /* Debug */,
				644183D01C5D51A000EF524E /* Release */,
			);
			defaultConfigurationIsVisible = 0;
		};
		644183D11C5D51A000EF524E /* Build configuration list for PBXNativeTarget "HelloWorldAppUITests" */ = {
			isa = XCConfigurationList;
			buildConfigurations = (
				644183D21C5D51A000EF524E /* Debug */,
				644183D31C5D51A000EF524E /* Release */,
			);
			defaultConfigurationIsVisible = 0;
		};
/* End XCConfigurationList section */
	};
	rootObject = 6441839B1C5D519F00EF524E /* Project object */;
}
